
Microsoft Visual Studio Solution File, Format Version 12.00
# Visual Studio Version 17
VisualStudioVersion = 17.3.32922.545
MinimumVisualStudioVersion = 10.0.40219.1
Project("{8BC9CEB8-8B4A-11D0-8D11-00A0C91BC942}") = "Exercises", "Exercises\Exercises.vcxproj", "{B65ADFD8-CF2B-4E65-8483-727C929CAA29}"
EndProject
Project("{8BC9CEB8-8B4A-11D0-8D11-00A0C91BC942}") = "functions", "functions\functions.vcxproj", "{873A9346-BC87-45D9-A4F5-150A26B160D3}"
EndProject
Project("{8BC9CEB8-8B4A-11D0-8D11-00A0C91BC942}") = "Arrays", "Arrays\Arrays.vcxproj", "{065B02DC-E091-4E08-B2B2-DD5334AED248}"
EndProject
Project("{8BC9CEB8-8B4A-11D0-8D11-00A0C91BC942}") = "ArraysNoise", "ArraysNoise\ArraysNoise.vcxproj", "{E86A5F60-1050-4C82-BC16-2EF601B5D6AD}"
EndProject
Project("{8BC9CEB8-8B4A-11D0-8D11-00A0C91BC942}") = "Streams", "Streams\Streams.vcxproj", "{AFF96879-A0ED-4242-B8B6-81540853DCA5}"
EndProject
Global
	GlobalSection(SolutionConfigurationPlatforms) = preSolution
		Debug|Any CPU = Debug|Any CPU
		Debug|x64 = Debug|x64
		Debug|x86 = Debug|x86
		Release|Any CPU = Release|Any CPU
		Release|x64 = Release|x64
		Release|x86 = Release|x86
	EndGlobalSection
	GlobalSection(ProjectConfigurationPlatforms) = postSolution
		{B65ADFD8-CF2B-4E65-8483-727C929CAA29}.Debug|Any CPU.ActiveCfg = Debug|x64
		{B65ADFD8-CF2B-4E65-8483-727C929CAA29}.Debug|Any CPU.Build.0 = Debug|x64
		{B65ADFD8-CF2B-4E65-8483-727C929CAA29}.Debug|x64.ActiveCfg = Debug|x64
		{B65ADFD8-CF2B-4E65-8483-727C929CAA29}.Debug|x64.Build.0 = Debug|x64
		{B65ADFD8-CF2B-4E65-8483-727C929CAA29}.Debug|x86.ActiveCfg = Debug|Win32
		{B65ADFD8-CF2B-4E65-8483-727C929CAA29}.Debug|x86.Build.0 = Debug|Win32
		{B65ADFD8-CF2B-4E65-8483-727C929CAA29}.Release|Any CPU.ActiveCfg = Release|x64
		{B65ADFD8-CF2B-4E65-8483-727C929CAA29}.Release|Any CPU.Build.0 = Release|x64
		{B65ADFD8-CF2B-4E65-8483-727C929CAA29}.Release|x64.ActiveCfg = Release|x64
		{B65ADFD8-CF2B-4E65-8483-727C929CAA29}.Release|x64.Build.0 = Release|x64
		{B65ADFD8-CF2B-4E65-8483-727C929CAA29}.Release|x86.ActiveCfg = Release|Win32
		{B65ADFD8-CF2B-4E65-8483-727C929CAA29}.Release|x86.Build.0 = Release|Win32
		{873A9346-BC87-45D9-A4F5-150A26B160D3}.Debug|Any CPU.ActiveCfg = Debug|x64
		{873A9346-BC87-45D9-A4F5-150A26B160D3}.Debug|Any CPU.Build.0 = Debug|x64
		{873A9346-BC87-45D9-A4F5-150A26B160D3}.Debug|x64.ActiveCfg = Debug|x64
		{873A9346-BC87-45D9-A4F5-150A26B160D3}.Debug|x64.Build.0 = Debug|x64
		{873A9346-BC87-45D9-A4F5-150A26B160D3}.Debug|x86.ActiveCfg = Debug|Win32
		{873A9346-BC87-45D9-A4F5-150A26B160D3}.Debug|x86.Build.0 = Debug|Win32
		{873A9346-BC87-45D9-A4F5-150A26B160D3}.Release|Any CPU.ActiveCfg = Release|x64
		{873A9346-BC87-45D9-A4F5-150A26B160D3}.Release|Any CPU.Build.0 = Release|x64
		{873A9346-BC87-45D9-A4F5-150A26B160D3}.Release|x64.ActiveCfg = Release|x64
		{873A9346-BC87-45D9-A4F5-150A26B160D3}.Release|x64.Build.0 = Release|x64
		{873A9346-BC87-45D9-A4F5-150A26B160D3}.Release|x86.ActiveCfg = Release|Win32
		{873A9346-BC87-45D9-A4F5-150A26B160D3}.Release|x86.Build.0 = Release|Win32
		{065B02DC-E091-4E08-B2B2-DD5334AED248}.Debug|Any CPU.ActiveCfg = Debug|x64
		{065B02DC-E091-4E08-B2B2-DD5334AED248}.Debug|Any CPU.Build.0 = Debug|x64
		{065B02DC-E091-4E08-B2B2-DD5334AED248}.Debug|x64.ActiveCfg = Debug|x64
		{065B02DC-E091-4E08-B2B2-DD5334AED248}.Debug|x64.Build.0 = Debug|x64
		{065B02DC-E091-4E08-B2B2-DD5334AED248}.Debug|x86.ActiveCfg = Debug|Win32
		{065B02DC-E091-4E08-B2B2-DD5334AED248}.Debug|x86.Build.0 = Debug|Win32
		{065B02DC-E091-4E08-B2B2-DD5334AED248}.Release|Any CPU.ActiveCfg = Release|x64
		{065B02DC-E091-4E08-B2B2-DD5334AED248}.Release|Any CPU.Build.0 = Release|x64
		{065B02DC-E091-4E08-B2B2-DD5334AED248}.Release|x64.ActiveCfg = Release|x64
		{065B02DC-E091-4E08-B2B2-DD5334AED248}.Release|x64.Build.0 = Release|x64
		{065B02DC-E091-4E08-B2B2-DD5334AED248}.Release|x86.ActiveCfg = Release|Win32
		{065B02DC-E091-4E08-B2B2-DD5334AED248}.Release|x86.Build.0 = Release|Win32
		{E86A5F60-1050-4C82-BC16-2EF601B5D6AD}.Debug|Any CPU.ActiveCfg = Debug|x64
		{E86A5F60-1050-4C82-BC16-2EF601B5D6AD}.Debug|Any CPU.Build.0 = Debug|x64
		{E86A5F60-1050-4C82-BC16-2EF601B5D6AD}.Debug|x64.ActiveCfg = Debug|x64
		{E86A5F60-1050-4C82-BC16-2EF601B5D6AD}.Debug|x64.Build.0 = Debug|x64
		{E86A5F60-1050-4C82-BC16-2EF601B5D6AD}.Debug|x86.ActiveCfg = Debug|Win32
		{E86A5F60-1050-4C82-BC16-2EF601B5D6AD}.Debug|x86.Build.0 = Debug|Win32
		{E86A5F60-1050-4C82-BC16-2EF601B5D6AD}.Release|Any CPU.ActiveCfg = Release|x64
		{E86A5F60-1050-4C82-BC16-2EF601B5D6AD}.Release|Any CPU.Build.0 = Release|x64
		{E86A5F60-1050-4C82-BC16-2EF601B5D6AD}.Release|x64.ActiveCfg = Release|x64
		{E86A5F60-1050-4C82-BC16-2EF601B5D6AD}.Release|x64.Build.0 = Release|x64
		{E86A5F60-1050-4C82-BC16-2EF601B5D6AD}.Release|x86.ActiveCfg = Release|Win32
		{E86A5F60-1050-4C82-BC16-2EF601B5D6AD}.Release|x86.Build.0 = Release|Win32
		{AFF96879-A0ED-4242-B8B6-81540853DCA5}.Debug|Any CPU.ActiveCfg = Debug|x64
		{AFF96879-A0ED-4242-B8B6-81540853DCA5}.Debug|Any CPU.Build.0 = Debug|x64
		{AFF96879-A0ED-4242-B8B6-81540853DCA5}.Debug|x64.ActiveCfg = Debug|x64
		{AFF96879-A0ED-4242-B8B6-81540853DCA5}.Debug|x64.Build.0 = Debug|x64
		{AFF96879-A0ED-4242-B8B6-81540853DCA5}.Debug|x86.ActiveCfg = Debug|Win32
		{AFF96879-A0ED-4242-B8B6-81540853DCA5}.Debug|x86.Build.0 = Debug|Win32
		{AFF96879-A0ED-4242-B8B6-81540853DCA5}.Release|Any CPU.ActiveCfg = Release|x64
		{AFF96879-A0ED-4242-B8B6-81540853DCA5}.Release|Any CPU.Build.0 = Release|x64
		{AFF96879-A0ED-4242-B8B6-81540853DCA5}.Release|x64.ActiveCfg = Release|x64
		{AFF96879-A0ED-4242-B8B6-81540853DCA5}.Release|x64.Build.0 = Release|x64
		{AFF96879-A0ED-4242-B8B6-81540853DCA5}.Release|x86.ActiveCfg = Release|Win32
		{AFF96879-A0ED-4242-B8B6-81540853DCA5}.Release|x86.Build.0 = Release|Win32
	EndGlobalSection
	GlobalSection(SolutionProperties) = preSolution
		HideSolutionNode = FALSE
	EndGlobalSection
	GlobalSection(ExtensibilityGlobals) = postSolution
		SolutionGuid = {E6CF8FB5-74B7-48B9-BB4D-AFF7D5B2EB63}
	EndGlobalSection
EndGlobal
